
Microsoft Visual Studio Solution File, Format Version 12.00
# Visual Studio Version 16
VisualStudioVersion = 16.0.30804.86
MinimumVisualStudioVersion = 10.0.40219.1
Project("{9A19103F-16F7-4668-BE54-9A1E7A4F7556}") = "January", "January\January.csproj", "{D39DC83C-AE6C-481D-A5D6-5929CBF3C6AE}"
EndProject
Project("{9A19103F-16F7-4668-BE54-9A1E7A4F7556}") = "Shared", "Shared\Shared.csproj", "{BF51671E-CA45-4E42-ABC4-6E164006FDD4}"
EndProject
Project("{9A19103F-16F7-4668-BE54-9A1E7A4F7556}") = "Shared.Tests", "Shared.Tests\Shared.Tests.csproj", "{67608320-70F0-431B-A00F-E033DB0D63EA}"
EndProject
Project("{9A19103F-16F7-4668-BE54-9A1E7A4F7556}") = "January.Tests", "January.Tests\January.Tests.csproj", "{D3DC71BB-F0E5-4033-A7B7-F3EB22377720}"
EndProject
Project("{9A19103F-16F7-4668-BE54-9A1E7A4F7556}") = "February", "February\February.csproj", "{ACB09FE3-7E5A-4FF2-810F-C26202534D01}"
EndProject
Project("{9A19103F-16F7-4668-BE54-9A1E7A4F7556}") = "February.Tests", "February.Tests\February.Tests.csproj", "{77FAF459-58C1-47E2-969F-56C4366DF6C1}"
EndProject
Project("{2150E333-8FDC-42A3-9474-1A3956D46DE8}") = "Solution Items", "Solution Items", "{D6FF0C09-D3FA-4704-A831-B7B9DEEB194C}"
	ProjectSection(SolutionItems) = preProject
		README.md = README.md
	EndProjectSection
EndProject
Project("{9A19103F-16F7-4668-BE54-9A1E7A4F7556}") = "March", "March\March.csproj", "{90C2432C-3064-4E6A-B72F-36B7A33F82F4}"
EndProject
Project("{9A19103F-16F7-4668-BE54-9A1E7A4F7556}") = "March.Tests", "March.Tests\March.Tests.csproj", "{8C8D3455-06DC-45DE-BC57-F7875AA556A5}"
EndProject
Project("{9A19103F-16F7-4668-BE54-9A1E7A4F7556}") = "April", "April\April.csproj", "{C87DF793-016C-4F6A-BA70-6F9A5F7C0345}"
EndProject
Project("{9A19103F-16F7-4668-BE54-9A1E7A4F7556}") = "April.Tests", "April.Tests\April.Tests.csproj", "{6A73088E-5B7D-4D16-89E9-3B8970BDE4D3}"
EndProject
Project("{9A19103F-16F7-4668-BE54-9A1E7A4F7556}") = "August.Tests", "August.Tests\August.Tests.csproj", "{D823015F-D70A-4D20-81CD-1BAB81FEC7FB}"
EndProject
Project("{9A19103F-16F7-4668-BE54-9A1E7A4F7556}") = "August", "August\August.csproj", "{A963275F-E19D-46E7-B7FC-8581D95F723E}"
EndProject
Global
	GlobalSection(SolutionConfigurationPlatforms) = preSolution
		Debug|Any CPU = Debug|Any CPU
		Release|Any CPU = Release|Any CPU
	EndGlobalSection
	GlobalSection(ProjectConfigurationPlatforms) = postSolution
		{D39DC83C-AE6C-481D-A5D6-5929CBF3C6AE}.Debug|Any CPU.ActiveCfg = Debug|Any CPU
		{D39DC83C-AE6C-481D-A5D6-5929CBF3C6AE}.Debug|Any CPU.Build.0 = Debug|Any CPU
		{D39DC83C-AE6C-481D-A5D6-5929CBF3C6AE}.Release|Any CPU.ActiveCfg = Release|Any CPU
		{D39DC83C-AE6C-481D-A5D6-5929CBF3C6AE}.Release|Any CPU.Build.0 = Release|Any CPU
		{BF51671E-CA45-4E42-ABC4-6E164006FDD4}.Debug|Any CPU.ActiveCfg = Debug|Any CPU
		{BF51671E-CA45-4E42-ABC4-6E164006FDD4}.Debug|Any CPU.Build.0 = Debug|Any CPU
		{BF51671E-CA45-4E42-ABC4-6E164006FDD4}.Release|Any CPU.ActiveCfg = Release|Any CPU
		{BF51671E-CA45-4E42-ABC4-6E164006FDD4}.Release|Any CPU.Build.0 = Release|Any CPU
		{67608320-70F0-431B-A00F-E033DB0D63EA}.Debug|Any CPU.ActiveCfg = Debug|Any CPU
		{67608320-70F0-431B-A00F-E033DB0D63EA}.Debug|Any CPU.Build.0 = Debug|Any CPU
		{67608320-70F0-431B-A00F-E033DB0D63EA}.Release|Any CPU.ActiveCfg = Release|Any CPU
		{67608320-70F0-431B-A00F-E033DB0D63EA}.Release|Any CPU.Build.0 = Release|Any CPU
		{D3DC71BB-F0E5-4033-A7B7-F3EB22377720}.Debug|Any CPU.ActiveCfg = Debug|Any CPU
		{D3DC71BB-F0E5-4033-A7B7-F3EB22377720}.Debug|Any CPU.Build.0 = Debug|Any CPU
		{D3DC71BB-F0E5-4033-A7B7-F3EB22377720}.Release|Any CPU.ActiveCfg = Release|Any CPU
		{D3DC71BB-F0E5-4033-A7B7-F3EB22377720}.Release|Any CPU.Build.0 = Release|Any CPU
		{ACB09FE3-7E5A-4FF2-810F-C26202534D01}.Debug|Any CPU.ActiveCfg = Debug|Any CPU
		{ACB09FE3-7E5A-4FF2-810F-C26202534D01}.Debug|Any CPU.Build.0 = Debug|Any CPU
		{ACB09FE3-7E5A-4FF2-810F-C26202534D01}.Release|Any CPU.ActiveCfg = Release|Any CPU
		{ACB09FE3-7E5A-4FF2-810F-C26202534D01}.Release|Any CPU.Build.0 = Release|Any CPU
		{77FAF459-58C1-47E2-969F-56C4366DF6C1}.Debug|Any CPU.ActiveCfg = Debug|Any CPU
		{77FAF459-58C1-47E2-969F-56C4366DF6C1}.Debug|Any CPU.Build.0 = Debug|Any CPU
		{77FAF459-58C1-47E2-969F-56C4366DF6C1}.Release|Any CPU.ActiveCfg = Release|Any CPU
		{77FAF459-58C1-47E2-969F-56C4366DF6C1}.Release|Any CPU.Build.0 = Release|Any CPU
		{90C2432C-3064-4E6A-B72F-36B7A33F82F4}.Debug|Any CPU.ActiveCfg = Debug|Any CPU
		{90C2432C-3064-4E6A-B72F-36B7A33F82F4}.Debug|Any CPU.Build.0 = Debug|Any CPU
		{90C2432C-3064-4E6A-B72F-36B7A33F82F4}.Release|Any CPU.ActiveCfg = Release|Any CPU
		{90C2432C-3064-4E6A-B72F-36B7A33F82F4}.Release|Any CPU.Build.0 = Release|Any CPU
		{8C8D3455-06DC-45DE-BC57-F7875AA556A5}.Debug|Any CPU.ActiveCfg = Debug|Any CPU
		{8C8D3455-06DC-45DE-BC57-F7875AA556A5}.Debug|Any CPU.Build.0 = Debug|Any CPU
		{8C8D3455-06DC-45DE-BC57-F7875AA556A5}.Release|Any CPU.ActiveCfg = Release|Any CPU
		{8C8D3455-06DC-45DE-BC57-F7875AA556A5}.Release|Any CPU.Build.0 = Release|Any CPU
		{C87DF793-016C-4F6A-BA70-6F9A5F7C0345}.Debug|Any CPU.ActiveCfg = Debug|Any CPU
		{C87DF793-016C-4F6A-BA70-6F9A5F7C0345}.Debug|Any CPU.Build.0 = Debug|Any CPU
		{C87DF793-016C-4F6A-BA70-6F9A5F7C0345}.Release|Any CPU.ActiveCfg = Release|Any CPU
		{C87DF793-016C-4F6A-BA70-6F9A5F7C0345}.Release|Any CPU.Build.0 = Release|Any CPU
		{6A73088E-5B7D-4D16-89E9-3B8970BDE4D3}.Debug|Any CPU.ActiveCfg = Debug|Any CPU
		{6A73088E-5B7D-4D16-89E9-3B8970BDE4D3}.Debug|Any CPU.Build.0 = Debug|Any CPU
		{6A73088E-5B7D-4D16-89E9-3B8970BDE4D3}.Release|Any CPU.ActiveCfg = Release|Any CPU
		{6A73088E-5B7D-4D16-89E9-3B8970BDE4D3}.Release|Any CPU.Build.0 = Release|Any CPU
		{D823015F-D70A-4D20-81CD-1BAB81FEC7FB}.Debug|Any CPU.ActiveCfg = Debug|Any CPU
		{D823015F-D70A-4D20-81CD-1BAB81FEC7FB}.Debug|Any CPU.Build.0 = Debug|Any CPU
		{D823015F-D70A-4D20-81CD-1BAB81FEC7FB}.Release|Any CPU.ActiveCfg = Release|Any CPU
		{D823015F-D70A-4D20-81CD-1BAB81FEC7FB}.Release|Any CPU.Build.0 = Release|Any CPU
		{A963275F-E19D-46E7-B7FC-8581D95F723E}.Debug|Any CPU.ActiveCfg = Debug|Any CPU
		{A963275F-E19D-46E7-B7FC-8581D95F723E}.Debug|Any CPU.Build.0 = Debug|Any CPU
		{A963275F-E19D-46E7-B7FC-8581D95F723E}.Release|Any CPU.ActiveCfg = Release|Any CPU
		{A963275F-E19D-46E7-B7FC-8581D95F723E}.Release|Any CPU.Build.0 = Release|Any CPU
	EndGlobalSection
	GlobalSection(SolutionProperties) = preSolution
		HideSolutionNode = FALSE
	EndGlobalSection
	GlobalSection(ExtensibilityGlobals) = postSolution
		SolutionGuid = {E44FAB58-0DCF-4AAF-BE3C-C890AE81B2FB}
	EndGlobalSection
EndGlobal
