
Microsoft Visual Studio Solution File, Format Version 12.00
# Visual Studio Version 16
VisualStudioVersion = 16.0.30804.86
MinimumVisualStudioVersion = 10.0.40219.1
Project("{9A19103F-16F7-4668-BE54-9A1E7A4F7556}") = "January", "January\January.csproj", "{D39DC83C-AE6C-481D-A5D6-5929CBF3C6AE}"
EndProject
Project("{9A19103F-16F7-4668-BE54-9A1E7A4F7556}") = "Shared", "Shared\Shared.csproj", "{BF51671E-CA45-4E42-ABC4-6E164006FDD4}"
EndProject
Project("{9A19103F-16F7-4668-BE54-9A1E7A4F7556}") = "Shared.Tests", "Shared.Tests\Shared.Tests.csproj", "{67608320-70F0-431B-A00F-E033DB0D63EA}"
EndProject
Project("{9A19103F-16F7-4668-BE54-9A1E7A4F7556}") = "January.Tests", "January.Tests\January.Tests.csproj", "{D3DC71BB-F0E5-4033-A7B7-F3EB22377720}"
EndProject
Project("{9A19103F-16F7-4668-BE54-9A1E7A4F7556}") = "February", "February\February.csproj", "{ACB09FE3-7E5A-4FF2-810F-C26202534D01}"
EndProject
Project("{9A19103F-16F7-4668-BE54-9A1E7A4F7556}") = "February.Tests", "February.Tests\February.Tests.csproj", "{77FAF459-58C1-47E2-969F-56C4366DF6C1}"
EndProject
Global
	GlobalSection(SolutionConfigurationPlatforms) = preSolution
		Debug|Any CPU = Debug|Any CPU
		Release|Any CPU = Release|Any CPU
	EndGlobalSection
	GlobalSection(ProjectConfigurationPlatforms) = postSolution
		{D39DC83C-AE6C-481D-A5D6-5929CBF3C6AE}.Debug|Any CPU.ActiveCfg = Debug|Any CPU
		{D39DC83C-AE6C-481D-A5D6-5929CBF3C6AE}.Debug|Any CPU.Build.0 = Debug|Any CPU
		{D39DC83C-AE6C-481D-A5D6-5929CBF3C6AE}.Release|Any CPU.ActiveCfg = Release|Any CPU
		{D39DC83C-AE6C-481D-A5D6-5929CBF3C6AE}.Release|Any CPU.Build.0 = Release|Any CPU
		{BF51671E-CA45-4E42-ABC4-6E164006FDD4}.Debug|Any CPU.ActiveCfg = Debug|Any CPU
		{BF51671E-CA45-4E42-ABC4-6E164006FDD4}.Debug|Any CPU.Build.0 = Debug|Any CPU
		{BF51671E-CA45-4E42-ABC4-6E164006FDD4}.Release|Any CPU.ActiveCfg = Release|Any CPU
		{BF51671E-CA45-4E42-ABC4-6E164006FDD4}.Release|Any CPU.Build.0 = Release|Any CPU
		{67608320-70F0-431B-A00F-E033DB0D63EA}.Debug|Any CPU.ActiveCfg = Debug|Any CPU
		{67608320-70F0-431B-A00F-E033DB0D63EA}.Debug|Any CPU.Build.0 = Debug|Any CPU
		{67608320-70F0-431B-A00F-E033DB0D63EA}.Release|Any CPU.ActiveCfg = Release|Any CPU
		{67608320-70F0-431B-A00F-E033DB0D63EA}.Release|Any CPU.Build.0 = Release|Any CPU
		{D3DC71BB-F0E5-4033-A7B7-F3EB22377720}.Debug|Any CPU.ActiveCfg = Debug|Any CPU
		{D3DC71BB-F0E5-4033-A7B7-F3EB22377720}.Debug|Any CPU.Build.0 = Debug|Any CPU
		{D3DC71BB-F0E5-4033-A7B7-F3EB22377720}.Release|Any CPU.ActiveCfg = Release|Any CPU
		{D3DC71BB-F0E5-4033-A7B7-F3EB22377720}.Release|Any CPU.Build.0 = Release|Any CPU
		{ACB09FE3-7E5A-4FF2-810F-C26202534D01}.Debug|Any CPU.ActiveCfg = Debug|Any CPU
		{ACB09FE3-7E5A-4FF2-810F-C26202534D01}.Debug|Any CPU.Build.0 = Debug|Any CPU
		{ACB09FE3-7E5A-4FF2-810F-C26202534D01}.Release|Any CPU.ActiveCfg = Release|Any CPU
		{ACB09FE3-7E5A-4FF2-810F-C26202534D01}.Release|Any CPU.Build.0 = Release|Any CPU
		{77FAF459-58C1-47E2-969F-56C4366DF6C1}.Debug|Any CPU.ActiveCfg = Debug|Any CPU
		{77FAF459-58C1-47E2-969F-56C4366DF6C1}.Debug|Any CPU.Build.0 = Debug|Any CPU
		{77FAF459-58C1-47E2-969F-56C4366DF6C1}.Release|Any CPU.ActiveCfg = Release|Any CPU
		{77FAF459-58C1-47E2-969F-56C4366DF6C1}.Release|Any CPU.Build.0 = Release|Any CPU
	EndGlobalSection
	GlobalSection(SolutionProperties) = preSolution
		HideSolutionNode = FALSE
	EndGlobalSection
	GlobalSection(ExtensibilityGlobals) = postSolution
		SolutionGuid = {E44FAB58-0DCF-4AAF-BE3C-C890AE81B2FB}
	EndGlobalSection
EndGlobal
